
Microsoft Visual Studio Solution File, Format Version 12.00
# Visual Studio 16
Project("{FAE04EC0-301F-11D3-BF4B-00C04F79EFBC}") = "Assembly-CSharp", "Assembly-CSharp.csproj", "{91E94BFA-3CD5-6CB5-8A44-F41B3CD413F9}"
EndProject
Project("{FAE04EC0-301F-11D3-BF4B-00C04F79EFBC}") = "Assembly-CSharp-Editor", "Assembly-CSharp-Editor.csproj", "{F8AEB6C2-C7E4-CA6F-CFA3-009CD84ACB0C}"
EndProject
Global
	GlobalSection(SolutionConfigurationPlatforms) = preSolution
		Debug|Any CPU = Debug|Any CPU
		Release|Any CPU = Release|Any CPU
	EndGlobalSection
	GlobalSection(ProjectConfigurationPlatforms) = postSolution
		{91E94BFA-3CD5-6CB5-8A44-F41B3CD413F9}.Debug|Any CPU.ActiveCfg = Debug|Any CPU
		{91E94BFA-3CD5-6CB5-8A44-F41B3CD413F9}.Debug|Any CPU.Build.0 = Debug|Any CPU
		{91E94BFA-3CD5-6CB5-8A44-F41B3CD413F9}.Release|Any CPU.ActiveCfg = Release|Any CPU
		{91E94BFA-3CD5-6CB5-8A44-F41B3CD413F9}.Release|Any CPU.Build.0 = Release|Any CPU
		{F8AEB6C2-C7E4-CA6F-CFA3-009CD84ACB0C}.Debug|Any CPU.ActiveCfg = Debug|Any CPU
		{F8AEB6C2-C7E4-CA6F-CFA3-009CD84ACB0C}.Debug|Any CPU.Build.0 = Debug|Any CPU
		{F8AEB6C2-C7E4-CA6F-CFA3-009CD84ACB0C}.Release|Any CPU.ActiveCfg = Release|Any CPU
		{F8AEB6C2-C7E4-CA6F-CFA3-009CD84ACB0C}.Release|Any CPU.Build.0 = Release|Any CPU
	EndGlobalSection
	GlobalSection(SolutionProperties) = preSolution
		HideSolutionNode = FALSE
	EndGlobalSection
EndGlobal
